{
  "name": "sample",
  "version": "1.0.0",
  "lockfileVersion": 1,
  "requires": true,
  "dependencies": {
    "angular": {
      "version": "1.7.0",
      "resolved": "https://registry.npmjs.org/angular/-/angular-1.7.0.tgz",
      "integrity": "sha512-3LboCLjrOuC7dWh953O0+dI3dJ7PexYRSCIrfqoN5qoHyja/wak3eWoxPKb2Sl2qwiPbrUV5KJXwgpUQ48McBQ=="
    },
    "angular-animate": {
      "version": "1.7.0",
      "resolved": "https://registry.npmjs.org/angular-animate/-/angular-animate-1.7.0.tgz",
      "integrity": "sha512-508uYJLhcX85cKqOlp3stzv1WEnlEtKPGC2J1ljn8sxhwUhENWte2lGI8DJev26Lsk5dHpinBSJC/J0f7jj53w=="
    },
    "angular-resource": {
      "version": "1.7.0",
      "resolved": "https://registry.npmjs.org/angular-resource/-/angular-resource-1.7.0.tgz",
      "integrity": "sha512-qqblbpS3bZmSEz0Bf4HfjhT2BH1GqS5eodtJu8Clp1qOHEz8o8Ggd782Vb7aZ+8TPFeKMRYCwZBOQZNALKFm6w=="
    },
    "angular-route": {
      "version": "1.7.0",
      "resolved": "https://registry.npmjs.org/angular-route/-/angular-route-1.7.0.tgz",
      "integrity": "sha512-uljEHpNRt5++GWwvAe+33dTuBuLh7mpxPU3lnwb/DFxvcNpPPcS8jImXzWQc2tPi/S6hGPovhMqjxmJIG8kz0A=="
    }
  }
}
